{
  "originHash" : "0de2726cc835c14ef7d6d5055ee3cdfbb39559b824dd420b9e6c2b970709be8d",
  "pins" : [
    {
      "identity" : "swift-concurrency-extras",
      "kind" : "remoteSourceControl",
      "location" : "https://github.com/pointfreeco/swift-concurrency-extras",
      "state" : {
        "revision" : "5fa253428866f2360c3754e88537f700ed2656b5",
        "version" : "1.4.1"
      }
    },
    {
      "identity" : "swiftui-math",
      "kind" : "remoteSourceControl",
      "location" : "https://github.com/gonzalezreal/swiftui-math",
      "state" : {
        "revision" : "0b5c2cfaaec8d6193db206f675048eeb5ce95f71",
        "version" : "0.1.0"
      }
    },
    {
      "identity" : "textual",
      "kind" : "remoteSourceControl",
      "location" : "https://github.com/y-a-v-a/textual",
      "state" : {
        "branch" : "main",
        "revision" : "35fd14e9671017208390d839e5d900e41ed15cd9"
      }
    }
  ],
  "version" : 3
}
